
Microsoft Visual Studio Solution File, Format Version 12.00
# Visual Studio Version 17
VisualStudioVersion = 17.4.33205.214
MinimumVisualStudioVersion = 10.0.40219.1
Project("{FAE04EC0-301F-11D3-BF4B-00C04F79EFBC}") = "IdentityDotNetTotor", "IdentityDotNetTotor\IdentityDotNetTotor.csproj", "{F904B4AB-18B8-4D79-BCF6-E7D09D70508B}"
EndProject
Global
	GlobalSection(SolutionConfigurationPlatforms) = preSolution
		Debug|Any CPU = Debug|Any CPU
		Release|Any CPU = Release|Any CPU
	EndGlobalSection
	GlobalSection(ProjectConfigurationPlatforms) = postSolution
		{F904B4AB-18B8-4D79-BCF6-E7D09D70508B}.Debug|Any CPU.ActiveCfg = Debug|Any CPU
		{F904B4AB-18B8-4D79-BCF6-E7D09D70508B}.Debug|Any CPU.Build.0 = Debug|Any CPU
		{F904B4AB-18B8-4D79-BCF6-E7D09D70508B}.Release|Any CPU.ActiveCfg = Release|Any CPU
		{F904B4AB-18B8-4D79-BCF6-E7D09D70508B}.Release|Any CPU.Build.0 = Release|Any CPU
	EndGlobalSection
	GlobalSection(SolutionProperties) = preSolution
		HideSolutionNode = FALSE
	EndGlobalSection
	GlobalSection(ExtensibilityGlobals) = postSolution
		SolutionGuid = {DA1C5686-B292-4F6C-9A9B-293091E79C05}
	EndGlobalSection
EndGlobal
